
Microsoft Visual Studio Solution File, Format Version 12.00
# Visual Studio Version 16
VisualStudioVersion = 16.0.30523.141
MinimumVisualStudioVersion = 10.0.40219.1
Project("{FAE04EC0-301F-11D3-BF4B-00C04F79EFBC}") = "ConsidLibrary", "ConsidLibrary\ConsidLibrary.csproj", "{7A56B34B-6FD9-4124-B0AF-21567D25C1B3}"
EndProject
Global
	GlobalSection(SolutionConfigurationPlatforms) = preSolution
		Debug|Any CPU = Debug|Any CPU
		Release|Any CPU = Release|Any CPU
	EndGlobalSection
	GlobalSection(ProjectConfigurationPlatforms) = postSolution
		{7A56B34B-6FD9-4124-B0AF-21567D25C1B3}.Debug|Any CPU.ActiveCfg = Debug|Any CPU
		{7A56B34B-6FD9-4124-B0AF-21567D25C1B3}.Debug|Any CPU.Build.0 = Debug|Any CPU
		{7A56B34B-6FD9-4124-B0AF-21567D25C1B3}.Release|Any CPU.ActiveCfg = Release|Any CPU
		{7A56B34B-6FD9-4124-B0AF-21567D25C1B3}.Release|Any CPU.Build.0 = Release|Any CPU
	EndGlobalSection
	GlobalSection(SolutionProperties) = preSolution
		HideSolutionNode = FALSE
	EndGlobalSection
	GlobalSection(ExtensibilityGlobals) = postSolution
		SolutionGuid = {3A64D5CA-4421-4682-8F9E-6D7E15A9A22D}
	EndGlobalSection
EndGlobal
